
Microsoft Visual Studio Solution File, Format Version 12.00
# Visual Studio Version 17
VisualStudioVersion = 17.7.34202.233
MinimumVisualStudioVersion = 10.0.40219.1
Project("{FAE04EC0-301F-11D3-BF4B-00C04F79EFBC}") = "مشروع مارسيدس", "مشروع مارسيدس.csproj", "{C352ECA3-DA47-4E1E-8DC2-EAD2C811228B}"
EndProject
Global
	GlobalSection(SolutionConfigurationPlatforms) = preSolution
		Debug|Any CPU = Debug|Any CPU
		Release|Any CPU = Release|Any CPU
	EndGlobalSection
	GlobalSection(ProjectConfigurationPlatforms) = postSolution
		{C352ECA3-DA47-4E1E-8DC2-EAD2C811228B}.Debug|Any CPU.ActiveCfg = Debug|Any CPU
		{C352ECA3-DA47-4E1E-8DC2-EAD2C811228B}.Debug|Any CPU.Build.0 = Debug|Any CPU
		{C352ECA3-DA47-4E1E-8DC2-EAD2C811228B}.Release|Any CPU.ActiveCfg = Release|Any CPU
		{C352ECA3-DA47-4E1E-8DC2-EAD2C811228B}.Release|Any CPU.Build.0 = Release|Any CPU
	EndGlobalSection
	GlobalSection(SolutionProperties) = preSolution
		HideSolutionNode = FALSE
	EndGlobalSection
	GlobalSection(ExtensibilityGlobals) = postSolution
		SolutionGuid = {87FCC902-B338-424D-B840-F19DB6339D6E}
	EndGlobalSection
EndGlobal
